
Microsoft Visual Studio Solution File, Format Version 12.00
# Visual Studio Version 17
VisualStudioVersion = 17.5.33627.172
MinimumVisualStudioVersion = 10.0.40219.1
Project("{FAE04EC0-301F-11D3-BF4B-00C04F79EFBC}") = "Day5Programs", "Day5Programs\Day5Programs.csproj", "{3C46BAE5-0259-45B4-894E-D61AF2DACAB1}"
EndProject
Global
	GlobalSection(SolutionConfigurationPlatforms) = preSolution
		Debug|Any CPU = Debug|Any CPU
		Release|Any CPU = Release|Any CPU
	EndGlobalSection
	GlobalSection(ProjectConfigurationPlatforms) = postSolution
		{3C46BAE5-0259-45B4-894E-D61AF2DACAB1}.Debug|Any CPU.ActiveCfg = Debug|Any CPU
		{3C46BAE5-0259-45B4-894E-D61AF2DACAB1}.Debug|Any CPU.Build.0 = Debug|Any CPU
		{3C46BAE5-0259-45B4-894E-D61AF2DACAB1}.Release|Any CPU.ActiveCfg = Release|Any CPU
		{3C46BAE5-0259-45B4-894E-D61AF2DACAB1}.Release|Any CPU.Build.0 = Release|Any CPU
	EndGlobalSection
	GlobalSection(SolutionProperties) = preSolution
		HideSolutionNode = FALSE
	EndGlobalSection
	GlobalSection(ExtensibilityGlobals) = postSolution
		SolutionGuid = {EAE4984A-0F80-4A04-BA2E-D332A8083EED}
	EndGlobalSection
EndGlobal
